{
  "name": "@webconsulting/desiderio-grande",
  "version": "0.1.0",
  "lockfileVersion": 3,
  "requires": true,
  "packages": {
    "": {
      "name": "@webconsulting/desiderio-grande",
      "version": "0.1.0",
      "devDependencies": {
        "@fontsource-variable/dm-sans": "^5.2.5",
        "@fontsource-variable/figtree": "^5.2.5",
        "@fontsource-variable/fraunces": "^5.2.5",
        "@fontsource-variable/jetbrains-mono": "^5.2.5",
        "@fontsource-variable/montserrat": "^5.2.5",
        "@fontsource-variable/outfit": "^5.2.5",
        "@fontsource/albert-sans": "^5.2.5",
        "@fontsource/fustat": "^5.2.5",
        "@fontsource/playwrite-us-trad": "^5.3.0",
        "@fontsource/poppins": "^5.2.5"
      }
    },
    "node_modules/@fontsource-variable/dm-sans": {
      "version": "5.3.0",
      "resolved": "https://registry.npmjs.org/@fontsource-variable/dm-sans/-/dm-sans-5.3.0.tgz",
      "integrity": "sha512-BpUG5bqePiDFMBM4ZtLSlPdAIOM990uB1dlXzIf4aw21yQR7BmykedLXXXMqGWsR18aMLOsbWccwJNh3ztTQaA==",
      "dev": true,
      "license": "OFL-1.1",
      "funding": {
        "url": "https://github.com/sponsors/ayuhito"
      }
    },
    "node_modules/@fontsource-variable/figtree": {
      "version": "5.3.0",
      "resolved": "https://registry.npmjs.org/@fontsource-variable/figtree/-/figtree-5.3.0.tgz",
      "integrity": "sha512-VRVodD7OiG7apQwE8/2fMjaqpY/a0qRJqL5HtYj8CKIVps+9amaFcdfKmDIf7iqYQx6iPLlArVXAfKeIZmVcNQ==",
      "dev": true,
      "license": "OFL-1.1",
      "funding": {
        "url": "https://github.com/sponsors/ayuhito"
      }
    },
    "node_modules/@fontsource-variable/fraunces": {
      "version": "5.3.0",
      "resolved": "https://registry.npmjs.org/@fontsource-variable/fraunces/-/fraunces-5.3.0.tgz",
      "integrity": "sha512-9BYGySn4AHEJdgp9Z28tQ3X+laJMEOITXkQarZXeloWQZDq5oOvXJ3kDA8c7MGIfpogIaZfjrQBqmda8POOCKA==",
      "dev": true,
      "license": "OFL-1.1",
      "funding": {
        "url": "https://github.com/sponsors/ayuhito"
      }
    },
    "node_modules/@fontsource-variable/jetbrains-mono": {
      "version": "5.3.0",
      "resolved": "https://registry.npmjs.org/@fontsource-variable/jetbrains-mono/-/jetbrains-mono-5.3.0.tgz",
      "integrity": "sha512-F32xpS2NsGYoQi2ADSkKTgpJj7ozajsGgDJ8woTnqjmIB+dxDIqImjl4pXZVEExu8UFZ2ndhmX18EBS/hdz3Lw==",
      "dev": true,
      "license": "OFL-1.1",
      "funding": {
        "url": "https://github.com/sponsors/ayuhito"
      }
    },
    "node_modules/@fontsource-variable/montserrat": {
      "version": "5.3.0",
      "resolved": "https://registry.npmjs.org/@fontsource-variable/montserrat/-/montserrat-5.3.0.tgz",
      "integrity": "sha512-7PaZoxaxrWLAyrhO46v65An9LhUhfkTExWLhfbywYZCnZEgg/W1rEHnlNmZKjNZ3nJTVYyicqxlJt10z/26yTA==",
      "dev": true,
      "license": "OFL-1.1",
      "funding": {
        "url": "https://github.com/sponsors/ayuhito"
      }
    },
    "node_modules/@fontsource-variable/outfit": {
      "version": "5.3.0",
      "resolved": "https://registry.npmjs.org/@fontsource-variable/outfit/-/outfit-5.3.0.tgz",
      "integrity": "sha512-fPb5XnYK0k7SbR++HEmm4+ZqDszmLKQ+sPRUr8oQ/KNC0vy6r6hazJFe8iYozv4cqlHbvJ/JECkJWrfDodUMVQ==",
      "dev": true,
      "license": "OFL-1.1",
      "funding": {
        "url": "https://github.com/sponsors/ayuhito"
      }
    },
    "node_modules/@fontsource/albert-sans": {
      "version": "5.3.0",
      "resolved": "https://registry.npmjs.org/@fontsource/albert-sans/-/albert-sans-5.3.0.tgz",
      "integrity": "sha512-sxMOb01R+xYfFjc708tKJOElC7qhXyjvF3hWojhX1c+AzoFO18dnbh1hPEkblwvYsY+7Chrs08y80K72omSg7Q==",
      "dev": true,
      "license": "OFL-1.1",
      "funding": {
        "url": "https://github.com/sponsors/ayuhito"
      }
    },
    "node_modules/@fontsource/fustat": {
      "version": "5.3.0",
      "resolved": "https://registry.npmjs.org/@fontsource/fustat/-/fustat-5.3.0.tgz",
      "integrity": "sha512-eCnknmwDOyWWOW7d26TCKnMNIeNjV40cAEbH/Mxjitvvoz9cg3W3C5amc7iamJEWa6iFRYNCGT5BRkA54q1bhA==",
      "dev": true,
      "license": "OFL-1.1",
      "funding": {
        "url": "https://github.com/sponsors/ayuhito"
      }
    },
    "node_modules/@fontsource/playwrite-us-trad": {
      "version": "5.3.0",
      "resolved": "https://registry.npmjs.org/@fontsource/playwrite-us-trad/-/playwrite-us-trad-5.3.0.tgz",
      "integrity": "sha512-wB79WztyA884OfCGO/Bx0qJoLcZkHh6CYAMVFkrx4UuPUxQBkMKPwGOeu3K3NpF4GpxSikL1H6HacZozphWpNQ==",
      "dev": true,
      "license": "OFL-1.1",
      "funding": {
        "url": "https://github.com/sponsors/ayuhito"
      }
    },
    "node_modules/@fontsource/poppins": {
      "version": "5.3.0",
      "resolved": "https://registry.npmjs.org/@fontsource/poppins/-/poppins-5.3.0.tgz",
      "integrity": "sha512-cms1nM7U6SN8epIV1WMVOV8VsA645aSm3wHfzIQnkk188U341ThbJGSl2Sv54V29gnDbT2arMPfLzvVIIVCceQ==",
      "dev": true,
      "license": "OFL-1.1",
      "funding": {
        "url": "https://github.com/sponsors/ayuhito"
      }
    }
  }
}
